
Microsoft Visual Studio Solution File, Format Version 12.00
# Visual Studio Version 17
VisualStudioVersion = 17.4.33213.308
MinimumVisualStudioVersion = 10.0.40219.1
Project("{FAE04EC0-301F-11D3-BF4B-00C04F79EFBC}") = "ClassWork5", "ClassWork5\ClassWork5.csproj", "{229E4478-9FB0-4844-8646-A8B71845767E}"
EndProject
Global
	GlobalSection(SolutionConfigurationPlatforms) = preSolution
		Debug|Any CPU = Debug|Any CPU
		Release|Any CPU = Release|Any CPU
	EndGlobalSection
	GlobalSection(ProjectConfigurationPlatforms) = postSolution
		{229E4478-9FB0-4844-8646-A8B71845767E}.Debug|Any CPU.ActiveCfg = Debug|Any CPU
		{229E4478-9FB0-4844-8646-A8B71845767E}.Debug|Any CPU.Build.0 = Debug|Any CPU
		{229E4478-9FB0-4844-8646-A8B71845767E}.Release|Any CPU.ActiveCfg = Release|Any CPU
		{229E4478-9FB0-4844-8646-A8B71845767E}.Release|Any CPU.Build.0 = Release|Any CPU
	EndGlobalSection
	GlobalSection(SolutionProperties) = preSolution
		HideSolutionNode = FALSE
	EndGlobalSection
	GlobalSection(ExtensibilityGlobals) = postSolution
		SolutionGuid = {AA21FD9C-A8BF-4897-9EBD-FC665A7DE877}
	EndGlobalSection
EndGlobal
